
Microsoft Visual Studio Solution File, Format Version 12.00
# Visual Studio Version 16
VisualStudioVersion = 16.0.29215.179
MinimumVisualStudioVersion = 10.0.40219.1
Project("{9A19103F-16F7-4668-BE54-9A1E7A4F7556}") = "ItemModifier", "ItemModifier.csproj", "{DB38D1D4-39BB-4D2B-A517-08EF18B50FED}"
EndProject
Project("{2150E333-8FDC-42A3-9474-1A3956D46DE8}") = "Solution Items", "Solution Items", "{E008EDFD-88A7-4364-9B86-82CFF0FD888D}"
	ProjectSection(SolutionItems) = preProject
		.editorconfig = .editorconfig
	EndProjectSection
EndProject
Global
	GlobalSection(SolutionConfigurationPlatforms) = preSolution
		Debug|Any CPU = Debug|Any CPU
		Release|Any CPU = Release|Any CPU
	EndGlobalSection
	GlobalSection(ProjectConfigurationPlatforms) = postSolution
		{DB38D1D4-39BB-4D2B-A517-08EF18B50FED}.Debug|Any CPU.ActiveCfg = Debug|Any CPU
		{DB38D1D4-39BB-4D2B-A517-08EF18B50FED}.Debug|Any CPU.Build.0 = Debug|Any CPU
		{DB38D1D4-39BB-4D2B-A517-08EF18B50FED}.Release|Any CPU.ActiveCfg = Release|Any CPU
		{DB38D1D4-39BB-4D2B-A517-08EF18B50FED}.Release|Any CPU.Build.0 = Release|Any CPU
	EndGlobalSection
	GlobalSection(SolutionProperties) = preSolution
		HideSolutionNode = FALSE
	EndGlobalSection
	GlobalSection(ExtensibilityGlobals) = postSolution
		SolutionGuid = {02E471CE-7A97-4FD2-BB29-04BF9975B013}
	EndGlobalSection
EndGlobal
